lockfileVersion: '6.0'

settings:
  autoInstallPeers: true
  excludeLinksFromLockfile: false

dependencies:
  hast-util-to-string:
    specifier: ^3.0.0
    version: 3.0.0
  unist-util-visit:
    specifier: ^5.0.0
    version: 5.0.0

devDependencies:
  '@biomejs/biome':
    specifier: ^1.6.2
    version: 1.8.3
  '@types/hast':
    specifier: ^3.0.4
    version: 3.0.4
  '@types/node':
    specifier: ^20.11.30
    version: 20.16.0
  husky:
    specifier: ^9.0.11
    version: 9.1.4
  nano-staged:
    specifier: ^0.8.0
    version: 0.8.0
  rehype-stringify:
    specifier: ^10.0.0
    version: 10.0.0
  remark-parse:
    specifier: ^11.0.0
    version: 11.0.0
  remark-rehype:
    specifier: ^11.0.0
    version: 11.1.0
  tsx:
    specifier: ^4.7.1
    version: 4.17.0
  typescript:
    specifier: ^5.4.3
    version: 5.5.4
  unified:
    specifier: ^11.0.4
    version: 11.0.5

packages:

  /@biomejs/biome@1.8.3:
    resolution: {integrity: sha512-/uUV3MV+vyAczO+vKrPdOW0Iaet7UnJMU4bNMinggGJTAnBPjCoLEYcyYtYHNnUNYlv4xZMH6hVIQCAozq8d5w==}
    engines: {node: '>=14.21.3'}
    hasBin: true
    requiresBuild: true
    optionalDependencies:
      '@biomejs/cli-darwin-arm64': 1.8.3
      '@biomejs/cli-darwin-x64': 1.8.3
      '@biomejs/cli-linux-arm64': 1.8.3
      '@biomejs/cli-linux-arm64-musl': 1.8.3
      '@biomejs/cli-linux-x64': 1.8.3
      '@biomejs/cli-linux-x64-musl': 1.8.3
      '@biomejs/cli-win32-arm64': 1.8.3
      '@biomejs/cli-win32-x64': 1.8.3
    dev: true

  /@biomejs/cli-darwin-arm64@1.8.3:
    resolution: {integrity: sha512-9DYOjclFpKrH/m1Oz75SSExR8VKvNSSsLnVIqdnKexj6NwmiMlKk94Wa1kZEdv6MCOHGHgyyoV57Cw8WzL5n3A==}
    engines: {node: '>=14.21.3'}
    cpu: [arm64]
    os: [darwin]
    requiresBuild: true
    dev: true
    optional: true

  /@biomejs/cli-darwin-x64@1.8.3:
    resolution: {integrity: sha512-UeW44L/AtbmOF7KXLCoM+9PSgPo0IDcyEUfIoOXYeANaNXXf9mLUwV1GeF2OWjyic5zj6CnAJ9uzk2LT3v/wAw==}
    engines: {node: '>=14.21.3'}
    cpu: [x64]
    os: [darwin]
    requiresBuild: true
    dev: true
    optional: true

  /@biomejs/cli-linux-arm64-musl@1.8.3:
    resolution: {integrity: sha512-9yjUfOFN7wrYsXt/T/gEWfvVxKlnh3yBpnScw98IF+oOeCYb5/b/+K7YNqKROV2i1DlMjg9g/EcN9wvj+NkMuQ==}
    engines: {node: '>=14.21.3'}
    cpu: [arm64]
    os: [linux]
    requiresBuild: true
    dev: true
    optional: true

  /@biomejs/cli-linux-arm64@1.8.3:
    resolution: {integrity: sha512-fed2ji8s+I/m8upWpTJGanqiJ0rnlHOK3DdxsyVLZQ8ClY6qLuPc9uehCREBifRJLl/iJyQpHIRufLDeotsPtw==}
    engines: {node: '>=14.21.3'}
    cpu: [arm64]
    os: [linux]
    requiresBuild: true
    dev: true
    optional: true

  /@biomejs/cli-linux-x64-musl@1.8.3:
    resolution: {integrity: sha512-UHrGJX7PrKMKzPGoEsooKC9jXJMa28TUSMjcIlbDnIO4EAavCoVmNQaIuUSH0Ls2mpGMwUIf+aZJv657zfWWjA==}
    engines: {node: '>=14.21.3'}
    cpu: [x64]
    os: [linux]
    requiresBuild: true
    dev: true
    optional: true

  /@biomejs/cli-linux-x64@1.8.3:
    resolution: {integrity: sha512-I8G2QmuE1teISyT8ie1HXsjFRz9L1m5n83U1O6m30Kw+kPMPSKjag6QGUn+sXT8V+XWIZxFFBoTDEDZW2KPDDw==}
    engines: {node: '>=14.21.3'}
    cpu: [x64]
    os: [linux]
    requiresBuild: true
    dev: true
    optional: true

  /@biomejs/cli-win32-arm64@1.8.3:
    resolution: {integrity: sha512-J+Hu9WvrBevfy06eU1Na0lpc7uR9tibm9maHynLIoAjLZpQU3IW+OKHUtyL8p6/3pT2Ju5t5emReeIS2SAxhkQ==}
    engines: {node: '>=14.21.3'}
    cpu: [arm64]
    os: [win32]
    requiresBuild: true
    dev: true
    optional: true

  /@biomejs/cli-win32-x64@1.8.3:
    resolution: {integrity: sha512-/PJ59vA1pnQeKahemaQf4Nyj7IKUvGQSc3Ze1uIGi+Wvr1xF7rGobSrAAG01T/gUDG21vkDsZYM03NAmPiVkqg==}
    engines: {node: '>=14.21.3'}
    cpu: [x64]
    os: [win32]
    requiresBuild: true
    dev: true
    optional: true

  /@esbuild/aix-ppc64@0.23.0:
    resolution: {integrity: sha512-3sG8Zwa5fMcA9bgqB8AfWPQ+HFke6uD3h1s3RIwUNK8EG7a4buxvuFTs3j1IMs2NXAk9F30C/FF4vxRgQCcmoQ==}
    engines: {node: '>=18'}
    cpu: [ppc64]
    os: [aix]
    requiresBuild: true
    dev: true
    optional: true

  /@esbuild/android-arm64@0.23.0:
    resolution: {integrity: sha512-EuHFUYkAVfU4qBdyivULuu03FhJO4IJN9PGuABGrFy4vUuzk91P2d+npxHcFdpUnfYKy0PuV+n6bKIpHOB3prQ==}
    engines: {node: '>=18'}
    cpu: [arm64]
    os: [android]
    requiresBuild: true
    dev: true
    optional: true

  /@esbuild/android-arm@0.23.0:
    resolution: {integrity: sha512-+KuOHTKKyIKgEEqKbGTK8W7mPp+hKinbMBeEnNzjJGyFcWsfrXjSTNluJHCY1RqhxFurdD8uNXQDei7qDlR6+g==}
    engines: {node: '>=18'}
    cpu: [arm]
    os: [android]
    requiresBuild: true
    dev: true
    optional: true

  /@esbuild/android-x64@0.23.0:
    resolution: {integrity: sha512-WRrmKidLoKDl56LsbBMhzTTBxrsVwTKdNbKDalbEZr0tcsBgCLbEtoNthOW6PX942YiYq8HzEnb4yWQMLQuipQ==}
    engines: {node: '>=18'}
    cpu: [x64]
    os: [android]
    requiresBuild: true
    dev: true
    optional: true

  /@esbuild/darwin-arm64@0.23.0:
    resolution: {integrity: sha512-YLntie/IdS31H54Ogdn+v50NuoWF5BDkEUFpiOChVa9UnKpftgwzZRrI4J132ETIi+D8n6xh9IviFV3eXdxfow==}
    engines: {node: '>=18'}
    cpu: [arm64]
    os: [darwin]
    requiresBuild: true
    dev: true
    optional: true

  /@esbuild/darwin-x64@0.23.0:
    resolution: {integrity: sha512-IMQ6eme4AfznElesHUPDZ+teuGwoRmVuuixu7sv92ZkdQcPbsNHzutd+rAfaBKo8YK3IrBEi9SLLKWJdEvJniQ==}
    engines: {node: '>=18'}
    cpu: [x64]
    os: [darwin]
    requiresBuild: true
    dev: true
    optional: true

  /@esbuild/freebsd-arm64@0.23.0:
    resolution: {integrity: sha512-0muYWCng5vqaxobq6LB3YNtevDFSAZGlgtLoAc81PjUfiFz36n4KMpwhtAd4he8ToSI3TGyuhyx5xmiWNYZFyw==}
    engines: {node: '>=18'}
    cpu: [arm64]
    os: [freebsd]
    requiresBuild: true
    dev: true
    optional: true

  /@esbuild/freebsd-x64@0.23.0:
    resolution: {integrity: sha512-XKDVu8IsD0/q3foBzsXGt/KjD/yTKBCIwOHE1XwiXmrRwrX6Hbnd5Eqn/WvDekddK21tfszBSrE/WMaZh+1buQ==}
    engines: {node: '>=18'}
    cpu: [x64]
    os: [freebsd]
    requiresBuild: true
    dev: true
    optional: true

  /@esbuild/linux-arm64@0.23.0:
    resolution: {integrity: sha512-j1t5iG8jE7BhonbsEg5d9qOYcVZv/Rv6tghaXM/Ug9xahM0nX/H2gfu6X6z11QRTMT6+aywOMA8TDkhPo8aCGw==}
    engines: {node: '>=18'}
    cpu: [arm64]
    os: [linux]
    requiresBuild: true
    dev: true
    optional: true

  /@esbuild/linux-arm@0.23.0:
    resolution: {integrity: sha512-SEELSTEtOFu5LPykzA395Mc+54RMg1EUgXP+iw2SJ72+ooMwVsgfuwXo5Fn0wXNgWZsTVHwY2cg4Vi/bOD88qw==}
    engines: {node: '>=18'}
    cpu: [arm]
    os: [linux]
    requiresBuild: true
    dev: true
    optional: true

  /@esbuild/linux-ia32@0.23.0:
    resolution: {integrity: sha512-P7O5Tkh2NbgIm2R6x1zGJJsnacDzTFcRWZyTTMgFdVit6E98LTxO+v8LCCLWRvPrjdzXHx9FEOA8oAZPyApWUA==}
    engines: {node: '>=18'}
    cpu: [ia32]
    os: [linux]
    requiresBuild: true
    dev: true
    optional: true

  /@esbuild/linux-loong64@0.23.0:
    resolution: {integrity: sha512-InQwepswq6urikQiIC/kkx412fqUZudBO4SYKu0N+tGhXRWUqAx+Q+341tFV6QdBifpjYgUndV1hhMq3WeJi7A==}
    engines: {node: '>=18'}
    cpu: [loong64]
    os: [linux]
    requiresBuild: true
    dev: true
    optional: true

  /@esbuild/linux-mips64el@0.23.0:
    resolution: {integrity: sha512-J9rflLtqdYrxHv2FqXE2i1ELgNjT+JFURt/uDMoPQLcjWQA5wDKgQA4t/dTqGa88ZVECKaD0TctwsUfHbVoi4w==}
    engines: {node: '>=18'}
    cpu: [mips64el]
    os: [linux]
    requiresBuild: true
    dev: true
    optional: true

  /@esbuild/linux-ppc64@0.23.0:
    resolution: {integrity: sha512-cShCXtEOVc5GxU0fM+dsFD10qZ5UpcQ8AM22bYj0u/yaAykWnqXJDpd77ublcX6vdDsWLuweeuSNZk4yUxZwtw==}
    engines: {node: '>=18'}
    cpu: [ppc64]
    os: [linux]
    requiresBuild: true
    dev: true
    optional: true

  /@esbuild/linux-riscv64@0.23.0:
    resolution: {integrity: sha512-HEtaN7Y5UB4tZPeQmgz/UhzoEyYftbMXrBCUjINGjh3uil+rB/QzzpMshz3cNUxqXN7Vr93zzVtpIDL99t9aRw==}
    engines: {node: '>=18'}
    cpu: [riscv64]
    os: [linux]
    requiresBuild: true
    dev: true
    optional: true

  /@esbuild/linux-s390x@0.23.0:
    resolution: {integrity: sha512-WDi3+NVAuyjg/Wxi+o5KPqRbZY0QhI9TjrEEm+8dmpY9Xir8+HE/HNx2JoLckhKbFopW0RdO2D72w8trZOV+Wg==}
    engines: {node: '>=18'}
    cpu: [s390x]
    os: [linux]
    requiresBuild: true
    dev: true
    optional: true

  /@esbuild/linux-x64@0.23.0:
    resolution: {integrity: sha512-a3pMQhUEJkITgAw6e0bWA+F+vFtCciMjW/LPtoj99MhVt+Mfb6bbL9hu2wmTZgNd994qTAEw+U/r6k3qHWWaOQ==}
    engines: {node: '>=18'}
    cpu: [x64]
    os: [linux]
    requiresBuild: true
    dev: true
    optional: true

  /@esbuild/netbsd-x64@0.23.0:
    resolution: {integrity: sha512-cRK+YDem7lFTs2Q5nEv/HHc4LnrfBCbH5+JHu6wm2eP+d8OZNoSMYgPZJq78vqQ9g+9+nMuIsAO7skzphRXHyw==}
    engines: {node: '>=18'}
    cpu: [x64]
    os: [netbsd]
    requiresBuild: true
    dev: true
    optional: true

  /@esbuild/openbsd-arm64@0.23.0:
    resolution: {integrity: sha512-suXjq53gERueVWu0OKxzWqk7NxiUWSUlrxoZK7usiF50C6ipColGR5qie2496iKGYNLhDZkPxBI3erbnYkU0rQ==}
    engines: {node: '>=18'}
    cpu: [arm64]
    os: [openbsd]
    requiresBuild: true
    dev: true
    optional: true

  /@esbuild/openbsd-x64@0.23.0:
    resolution: {integrity: sha512-6p3nHpby0DM/v15IFKMjAaayFhqnXV52aEmv1whZHX56pdkK+MEaLoQWj+H42ssFarP1PcomVhbsR4pkz09qBg==}
    engines: {node: '>=18'}
    cpu: [x64]
    os: [openbsd]
    requiresBuild: true
    dev: true
    optional: true

  /@esbuild/sunos-x64@0.23.0:
    resolution: {integrity: sha512-BFelBGfrBwk6LVrmFzCq1u1dZbG4zy/Kp93w2+y83Q5UGYF1d8sCzeLI9NXjKyujjBBniQa8R8PzLFAUrSM9OA==}
    engines: {node: '>=18'}
    cpu: [x64]
    os: [sunos]
    requiresBuild: true
    dev: true
    optional: true

  /@esbuild/win32-arm64@0.23.0:
    resolution: {integrity: sha512-lY6AC8p4Cnb7xYHuIxQ6iYPe6MfO2CC43XXKo9nBXDb35krYt7KGhQnOkRGar5psxYkircpCqfbNDB4uJbS2jQ==}
    engines: {node: '>=18'}
    cpu: [arm64]
    os: [win32]
    requiresBuild: true
    dev: true
    optional: true

  /@esbuild/win32-ia32@0.23.0:
    resolution: {integrity: sha512-7L1bHlOTcO4ByvI7OXVI5pNN6HSu6pUQq9yodga8izeuB1KcT2UkHaH6118QJwopExPn0rMHIseCTx1CRo/uNA==}
    engines: {node: '>=18'}
    cpu: [ia32]
    os: [win32]
    requiresBuild: true
    dev: true
    optional: true

  /@esbuild/win32-x64@0.23.0:
    resolution: {integrity: sha512-Arm+WgUFLUATuoxCJcahGuk6Yj9Pzxd6l11Zb/2aAuv5kWWvvfhLFo2fni4uSK5vzlUdCGZ/BdV5tH8klj8p8g==}
    engines: {node: '>=18'}
    cpu: [x64]
    os: [win32]
    requiresBuild: true
    dev: true
    optional: true

  /@types/debug@4.1.12:
    resolution: {integrity: sha512-vIChWdVG3LG1SMxEvI/AK+FWJthlrqlTu7fbrlywTkkaONwk/UAGaULXRlf8vkzFBLVm0zkMdCquhL5aOjhXPQ==}
    dependencies:
      '@types/ms': 0.7.34
    dev: true

  /@types/hast@3.0.4:
    resolution: {integrity: sha512-WPs+bbQw5aCj+x6laNGWLH3wviHtoCv/P3+otBhbOhJgG8qtpdAMlTCxLtsTWA7LH1Oh/bFCHsBn0TPS5m30EQ==}
    dependencies:
      '@types/unist': 3.0.2

  /@types/mdast@4.0.4:
    resolution: {integrity: sha512-kGaNbPh1k7AFzgpud/gMdvIm5xuECykRR+JnWKQno9TAXVa6WIVCGTPvYGekIDL4uwCZQSYbUxNBSb1aUo79oA==}
    dependencies:
      '@types/unist': 3.0.2
    dev: true

  /@types/ms@0.7.34:
    resolution: {integrity: sha512-nG96G3Wp6acyAgJqGasjODb+acrI7KltPiRxzHPXnP3NgI28bpQDRv53olbqGXbfcgF5aiiHmO3xpwEpS5Ld9g==}
    dev: true

  /@types/node@20.16.0:
    resolution: {integrity: sha512-vDxceJcoZhIVh67S568bm1UGZO0DX0hpplJZxzeXMKwIPLn190ec5RRxQ69BKhX44SUGIxxgMdDY557lGLKprQ==}
    dependencies:
      undici-types: 6.19.6
    dev: true

  /@types/unist@3.0.2:
    resolution: {integrity: sha512-dqId9J8K/vGi5Zr7oo212BGii5m3q5Hxlkwy3WpYuKPklmBEvsbMYYyLxAQpSffdLl/gdW0XUpKWFvYmyoWCoQ==}

  /@ungap/structured-clone@1.2.0:
    resolution: {integrity: sha512-zuVdFrMJiuCDQUMCzQaD6KL28MjnqqN8XnAqiEq9PNm/hCPTSGfrXCOfwj1ow4LFb/tNymJPwsNbVePc1xFqrQ==}
    dev: true

  /bail@2.0.2:
    resolution: {integrity: sha512-0xO6mYd7JB2YesxDKplafRpsiOzPt9V02ddPCLbY1xYGPOX24NTyN50qnUxgCPcSoYMhKpAuBTjQoRZCAkUDRw==}
    dev: true

  /ccount@2.0.1:
    resolution: {integrity: sha512-eyrF0jiFpY+3drT6383f1qhkbGsLSifNAjA61IUjZjmLCWjItY6LB9ft9YhoDgwfmclB2zhu51Lc7+95b8NRAg==}
    dev: true

  /character-entities-html4@2.1.0:
    resolution: {integrity: sha512-1v7fgQRj6hnSwFpq1Eu0ynr/CDEw0rXo2B61qXrLNdHZmPKgb7fqS1a2JwF0rISo9q77jDI8VMEHoApn8qDoZA==}
    dev: true

  /character-entities-legacy@3.0.0:
    resolution: {integrity: sha512-RpPp0asT/6ufRm//AJVwpViZbGM/MkjQFxJccQRHmISF/22NBtsHqAWmL+/pmkPWoIUJdWyeVleTl1wydHATVQ==}
    dev: true

  /character-entities@2.0.2:
    resolution: {integrity: sha512-shx7oQ0Awen/BRIdkjkvz54PnEEI/EjwXDSIZp86/KKdbafHh1Df/RYGBhn4hbe2+uKC9FnT5UCEdyPz3ai9hQ==}
    dev: true

  /comma-separated-tokens@2.0.3:
    resolution: {integrity: sha512-Fu4hJdvzeylCfQPp9SGWidpzrMs7tTrlu6Vb8XGaRGck8QSNZJJp538Wrb60Lax4fPwR64ViY468OIUTbRlGZg==}
    dev: true

  /debug@4.3.6:
    resolution: {integrity: sha512-O/09Bd4Z1fBrU4VzkhFqVgpPzaGbw6Sm9FEkBT1A/YBXQFGuuSxa1dN2nxgxS34JmKXqYx8CZAwEVoJFImUXIg==}
    engines: {node: '>=6.0'}
    peerDependencies:
      supports-color: '*'
    peerDependenciesMeta:
      supports-color:
        optional: true
    dependencies:
      ms: 2.1.2
    dev: true

  /decode-named-character-reference@1.0.2:
    resolution: {integrity: sha512-O8x12RzrUF8xyVcY0KJowWsmaJxQbmy0/EtnNtHRpsOcT7dFk5W598coHqBVpmWo1oQQfsCqfCmkZN5DJrZVdg==}
    dependencies:
      character-entities: 2.0.2
    dev: true

  /dequal@2.0.3:
    resolution: {integrity: sha512-0je+qPKHEMohvfRTCEo3CrPG6cAzAYgmzKyxRiYSSDkS6eGJdyVJm7WaYA5ECaAD9wLB2T4EEeymA5aFVcYXCA==}
    engines: {node: '>=6'}
    dev: true

  /devlop@1.1.0:
    resolution: {integrity: sha512-RWmIqhcFf1lRYBvNmr7qTNuyCt/7/ns2jbpp1+PalgE/rDQcBT0fioSMUpJ93irlUhC5hrg4cYqe6U+0ImW0rA==}
    dependencies:
      dequal: 2.0.3
    dev: true

  /entities@4.5.0:
    resolution: {integrity: sha512-V0hjH4dGPh9Ao5p0MoRY6BVqtwCjhz6vI5LT8AJ55H+4g9/4vbHx1I54fS0XuclLhDHArPQCiMjDxjaL8fPxhw==}
    engines: {node: '>=0.12'}
    dev: true

  /esbuild@0.23.0:
    resolution: {integrity: sha512-1lvV17H2bMYda/WaFb2jLPeHU3zml2k4/yagNMG8Q/YtfMjCwEUZa2eXXMgZTVSL5q1n4H7sQ0X6CdJDqqeCFA==}
    engines: {node: '>=18'}
    hasBin: true
    requiresBuild: true
    optionalDependencies:
      '@esbuild/aix-ppc64': 0.23.0
      '@esbuild/android-arm': 0.23.0
      '@esbuild/android-arm64': 0.23.0
      '@esbuild/android-x64': 0.23.0
      '@esbuild/darwin-arm64': 0.23.0
      '@esbuild/darwin-x64': 0.23.0
      '@esbuild/freebsd-arm64': 0.23.0
      '@esbuild/freebsd-x64': 0.23.0
      '@esbuild/linux-arm': 0.23.0
      '@esbuild/linux-arm64': 0.23.0
      '@esbuild/linux-ia32': 0.23.0
      '@esbuild/linux-loong64': 0.23.0
      '@esbuild/linux-mips64el': 0.23.0
      '@esbuild/linux-ppc64': 0.23.0
      '@esbuild/linux-riscv64': 0.23.0
      '@esbuild/linux-s390x': 0.23.0
      '@esbuild/linux-x64': 0.23.0
      '@esbuild/netbsd-x64': 0.23.0
      '@esbuild/openbsd-arm64': 0.23.0
      '@esbuild/openbsd-x64': 0.23.0
      '@esbuild/sunos-x64': 0.23.0
      '@esbuild/win32-arm64': 0.23.0
      '@esbuild/win32-ia32': 0.23.0
      '@esbuild/win32-x64': 0.23.0
    dev: true

  /extend@3.0.2:
    resolution: {integrity: sha512-fjquC59cD7CyW6urNXK0FBufkZcoiGG80wTuPujX590cB5Ttln20E2UB4S/WARVqhXffZl2LNgS+gQdPIIim/g==}
    dev: true

  /fsevents@2.3.3:
    resolution: {integrity: sha512-5xoDfX+fL7faATnagmWPpbFtwh/R77WmMMqqHGS65C3vvB0YHrgF+B1YmZ3441tMj5n63k0212XNoJwzlhffQw==}
    engines: {node: ^8.16.0 || ^10.6.0 || >=11.0.0}
    os: [darwin]
    requiresBuild: true
    dev: true
    optional: true

  /get-tsconfig@4.7.6:
    resolution: {integrity: sha512-ZAqrLlu18NbDdRaHq+AKXzAmqIUPswPWKUchfytdAjiRFnCe5ojG2bstg6mRiZabkKfCoL/e98pbBELIV/YCeA==}
    dependencies:
      resolve-pkg-maps: 1.0.0
    dev: true

  /hast-util-from-parse5@8.0.1:
    resolution: {integrity: sha512-Er/Iixbc7IEa7r/XLtuG52zoqn/b3Xng/w6aZQ0xGVxzhw5xUFxcRqdPzP6yFi/4HBYRaifaI5fQ1RH8n0ZeOQ==}
    dependencies:
      '@types/hast': 3.0.4
      '@types/unist': 3.0.2
      devlop: 1.1.0
      hastscript: 8.0.0
      property-information: 6.5.0
      vfile: 6.0.2
      vfile-location: 5.0.3
      web-namespaces: 2.0.1
    dev: true

  /hast-util-parse-selector@4.0.0:
    resolution: {integrity: sha512-wkQCkSYoOGCRKERFWcxMVMOcYE2K1AaNLU8DXS9arxnLOUEWbOXKXiJUNzEpqZ3JOKpnha3jkFrumEjVliDe7A==}
    dependencies:
      '@types/hast': 3.0.4
    dev: true

  /hast-util-raw@9.0.4:
    resolution: {integrity: sha512-LHE65TD2YiNsHD3YuXcKPHXPLuYh/gjp12mOfU8jxSrm1f/yJpsb0F/KKljS6U9LJoP0Ux+tCe8iJ2AsPzTdgA==}
    dependencies:
      '@types/hast': 3.0.4
      '@types/unist': 3.0.2
      '@ungap/structured-clone': 1.2.0
      hast-util-from-parse5: 8.0.1
      hast-util-to-parse5: 8.0.0
      html-void-elements: 3.0.0
      mdast-util-to-hast: 13.2.0
      parse5: 7.1.2
      unist-util-position: 5.0.0
      unist-util-visit: 5.0.0
      vfile: 6.0.2
      web-namespaces: 2.0.1
      zwitch: 2.0.4
    dev: true

  /hast-util-to-html@9.0.1:
    resolution: {integrity: sha512-hZOofyZANbyWo+9RP75xIDV/gq+OUKx+T46IlwERnKmfpwp81XBFbT9mi26ws+SJchA4RVUQwIBJpqEOBhMzEQ==}
    dependencies:
      '@types/hast': 3.0.4
      '@types/unist': 3.0.2
      ccount: 2.0.1
      comma-separated-tokens: 2.0.3
      hast-util-raw: 9.0.4
      hast-util-whitespace: 3.0.0
      html-void-elements: 3.0.0
      mdast-util-to-hast: 13.2.0
      property-information: 6.5.0
      space-separated-tokens: 2.0.2
      stringify-entities: 4.0.4
      zwitch: 2.0.4
    dev: true

  /hast-util-to-parse5@8.0.0:
    resolution: {integrity: sha512-3KKrV5ZVI8if87DVSi1vDeByYrkGzg4mEfeu4alwgmmIeARiBLKCZS2uw5Gb6nU9x9Yufyj3iudm6i7nl52PFw==}
    dependencies:
      '@types/hast': 3.0.4
      comma-separated-tokens: 2.0.3
      devlop: 1.1.0
      property-information: 6.5.0
      space-separated-tokens: 2.0.2
      web-namespaces: 2.0.1
      zwitch: 2.0.4
    dev: true

  /hast-util-to-string@3.0.0:
    resolution: {integrity: sha512-OGkAxX1Ua3cbcW6EJ5pT/tslVb90uViVkcJ4ZZIMW/R33DX/AkcJcRrPebPwJkHYwlDHXz4aIwvAAaAdtrACFA==}
    dependencies:
      '@types/hast': 3.0.4
    dev: false

  /hast-util-whitespace@3.0.0:
    resolution: {integrity: sha512-88JUN06ipLwsnv+dVn+OIYOvAuvBMy/Qoi6O7mQHxdPXpjy+Cd6xRkWwux7DKO+4sYILtLBRIKgsdpS2gQc7qw==}
    dependencies:
      '@types/hast': 3.0.4
    dev: true

  /hastscript@8.0.0:
    resolution: {integrity: sha512-dMOtzCEd3ABUeSIISmrETiKuyydk1w0pa+gE/uormcTpSYuaNJPbX1NU3JLyscSLjwAQM8bWMhhIlnCqnRvDTw==}
    dependencies:
      '@types/hast': 3.0.4
      comma-separated-tokens: 2.0.3
      hast-util-parse-selector: 4.0.0
      property-information: 6.5.0
      space-separated-tokens: 2.0.2
    dev: true

  /html-void-elements@3.0.0:
    resolution: {integrity: sha512-bEqo66MRXsUGxWHV5IP0PUiAWwoEjba4VCzg0LjFJBpchPaTfyfCKTG6bc5F8ucKec3q5y6qOdGyYTSBEvhCrg==}
    dev: true

  /husky@9.1.4:
    resolution: {integrity: sha512-bho94YyReb4JV7LYWRWxZ/xr6TtOTt8cMfmQ39MQYJ7f/YE268s3GdghGwi+y4zAeqewE5zYLvuhV0M0ijsDEA==}
    engines: {node: '>=18'}
    hasBin: true
    dev: true

  /is-plain-obj@4.1.0:
    resolution: {integrity: sha512-+Pgi+vMuUNkJyExiMBt5IlFoMyKnr5zhJ4Uspz58WOhBF5QoIZkFyNHIbBAtHwzVAgk5RtndVNsDRN61/mmDqg==}
    engines: {node: '>=12'}
    dev: true

  /mdast-util-from-markdown@2.0.1:
    resolution: {integrity: sha512-aJEUyzZ6TzlsX2s5B4Of7lN7EQtAxvtradMMglCQDyaTFgse6CmtmdJ15ElnVRlCg1vpNyVtbem0PWzlNieZsA==}
    dependencies:
      '@types/mdast': 4.0.4
      '@types/unist': 3.0.2
      decode-named-character-reference: 1.0.2
      devlop: 1.1.0
      mdast-util-to-string: 4.0.0
      micromark: 4.0.0
      micromark-util-decode-numeric-character-reference: 2.0.1
      micromark-util-decode-string: 2.0.0
      micromark-util-normalize-identifier: 2.0.0
      micromark-util-symbol: 2.0.0
      micromark-util-types: 2.0.0
      unist-util-stringify-position: 4.0.0
    transitivePeerDependencies:
      - supports-color
    dev: true

  /mdast-util-to-hast@13.2.0:
    resolution: {integrity: sha512-QGYKEuUsYT9ykKBCMOEDLsU5JRObWQusAolFMeko/tYPufNkRffBAQjIE+99jbA87xv6FgmjLtwjh9wBWajwAA==}
    dependencies:
      '@types/hast': 3.0.4
      '@types/mdast': 4.0.4
      '@ungap/structured-clone': 1.2.0
      devlop: 1.1.0
      micromark-util-sanitize-uri: 2.0.0
      trim-lines: 3.0.1
      unist-util-position: 5.0.0
      unist-util-visit: 5.0.0
      vfile: 6.0.2
    dev: true

  /mdast-util-to-string@4.0.0:
    resolution: {integrity: sha512-0H44vDimn51F0YwvxSJSm0eCDOJTRlmN0R1yBh4HLj9wiV1Dn0QoXGbvFAWj2hSItVTlCmBF1hqKlIyUBVFLPg==}
    dependencies:
      '@types/mdast': 4.0.4
    dev: true

  /micromark-core-commonmark@2.0.1:
    resolution: {integrity: sha512-CUQyKr1e///ZODyD1U3xit6zXwy1a8q2a1S1HKtIlmgvurrEpaw/Y9y6KSIbF8P59cn/NjzHyO+Q2fAyYLQrAA==}
    dependencies:
      decode-named-character-reference: 1.0.2
      devlop: 1.1.0
      micromark-factory-destination: 2.0.0
      micromark-factory-label: 2.0.0
      micromark-factory-space: 2.0.0
      micromark-factory-title: 2.0.0
      micromark-factory-whitespace: 2.0.0
      micromark-util-character: 2.1.0
      micromark-util-chunked: 2.0.0
      micromark-util-classify-character: 2.0.0
      micromark-util-html-tag-name: 2.0.0
      micromark-util-normalize-identifier: 2.0.0
      micromark-util-resolve-all: 2.0.0
      micromark-util-subtokenize: 2.0.1
      micromark-util-symbol: 2.0.0
      micromark-util-types: 2.0.0
    dev: true

  /micromark-factory-destination@2.0.0:
    resolution: {integrity: sha512-j9DGrQLm/Uhl2tCzcbLhy5kXsgkHUrjJHg4fFAeoMRwJmJerT9aw4FEhIbZStWN8A3qMwOp1uzHr4UL8AInxtA==}
    dependencies:
      micromark-util-character: 2.1.0
      micromark-util-symbol: 2.0.0
      micromark-util-types: 2.0.0
    dev: true

  /micromark-factory-label@2.0.0:
    resolution: {integrity: sha512-RR3i96ohZGde//4WSe/dJsxOX6vxIg9TimLAS3i4EhBAFx8Sm5SmqVfR8E87DPSR31nEAjZfbt91OMZWcNgdZw==}
    dependencies:
      devlop: 1.1.0
      micromark-util-character: 2.1.0
      micromark-util-symbol: 2.0.0
      micromark-util-types: 2.0.0
    dev: true

  /micromark-factory-space@2.0.0:
    resolution: {integrity: sha512-TKr+LIDX2pkBJXFLzpyPyljzYK3MtmllMUMODTQJIUfDGncESaqB90db9IAUcz4AZAJFdd8U9zOp9ty1458rxg==}
    dependencies:
      micromark-util-character: 2.1.0
      micromark-util-types: 2.0.0
    dev: true

  /micromark-factory-title@2.0.0:
    resolution: {integrity: sha512-jY8CSxmpWLOxS+t8W+FG3Xigc0RDQA9bKMY/EwILvsesiRniiVMejYTE4wumNc2f4UbAa4WsHqe3J1QS1sli+A==}
    dependencies:
      micromark-factory-space: 2.0.0
      micromark-util-character: 2.1.0
      micromark-util-symbol: 2.0.0
      micromark-util-types: 2.0.0
    dev: true

  /micromark-factory-whitespace@2.0.0:
    resolution: {integrity: sha512-28kbwaBjc5yAI1XadbdPYHX/eDnqaUFVikLwrO7FDnKG7lpgxnvk/XGRhX/PN0mOZ+dBSZ+LgunHS+6tYQAzhA==}
    dependencies:
      micromark-factory-space: 2.0.0
      micromark-util-character: 2.1.0
      micromark-util-symbol: 2.0.0
      micromark-util-types: 2.0.0
    dev: true

  /micromark-util-character@2.1.0:
    resolution: {integrity: sha512-KvOVV+X1yLBfs9dCBSopq/+G1PcgT3lAK07mC4BzXi5E7ahzMAF8oIupDDJ6mievI6F+lAATkbQQlQixJfT3aQ==}
    dependencies:
      micromark-util-symbol: 2.0.0
      micromark-util-types: 2.0.0
    dev: true

  /micromark-util-chunked@2.0.0:
    resolution: {integrity: sha512-anK8SWmNphkXdaKgz5hJvGa7l00qmcaUQoMYsBwDlSKFKjc6gjGXPDw3FNL3Nbwq5L8gE+RCbGqTw49FK5Qyvg==}
    dependencies:
      micromark-util-symbol: 2.0.0
    dev: true

  /micromark-util-classify-character@2.0.0:
    resolution: {integrity: sha512-S0ze2R9GH+fu41FA7pbSqNWObo/kzwf8rN/+IGlW/4tC6oACOs8B++bh+i9bVyNnwCcuksbFwsBme5OCKXCwIw==}
    dependencies:
      micromark-util-character: 2.1.0
      micromark-util-symbol: 2.0.0
      micromark-util-types: 2.0.0
    dev: true

  /micromark-util-combine-extensions@2.0.0:
    resolution: {integrity: sha512-vZZio48k7ON0fVS3CUgFatWHoKbbLTK/rT7pzpJ4Bjp5JjkZeasRfrS9wsBdDJK2cJLHMckXZdzPSSr1B8a4oQ==}
    dependencies:
      micromark-util-chunked: 2.0.0
      micromark-util-types: 2.0.0
    dev: true

  /micromark-util-decode-numeric-character-reference@2.0.1:
    resolution: {integrity: sha512-bmkNc7z8Wn6kgjZmVHOX3SowGmVdhYS7yBpMnuMnPzDq/6xwVA604DuOXMZTO1lvq01g+Adfa0pE2UKGlxL1XQ==}
    dependencies:
      micromark-util-symbol: 2.0.0
    dev: true

  /micromark-util-decode-string@2.0.0:
    resolution: {integrity: sha512-r4Sc6leeUTn3P6gk20aFMj2ntPwn6qpDZqWvYmAG6NgvFTIlj4WtrAudLi65qYoaGdXYViXYw2pkmn7QnIFasA==}
    dependencies:
      decode-named-character-reference: 1.0.2
      micromark-util-character: 2.1.0
      micromark-util-decode-numeric-character-reference: 2.0.1
      micromark-util-symbol: 2.0.0
    dev: true

  /micromark-util-encode@2.0.0:
    resolution: {integrity: sha512-pS+ROfCXAGLWCOc8egcBvT0kf27GoWMqtdarNfDcjb6YLuV5cM3ioG45Ys2qOVqeqSbjaKg72vU+Wby3eddPsA==}
    dev: true

  /micromark-util-html-tag-name@2.0.0:
    resolution: {integrity: sha512-xNn4Pqkj2puRhKdKTm8t1YHC/BAjx6CEwRFXntTaRf/x16aqka6ouVoutm+QdkISTlT7e2zU7U4ZdlDLJd2Mcw==}
    dev: true

  /micromark-util-normalize-identifier@2.0.0:
    resolution: {integrity: sha512-2xhYT0sfo85FMrUPtHcPo2rrp1lwbDEEzpx7jiH2xXJLqBuy4H0GgXk5ToU8IEwoROtXuL8ND0ttVa4rNqYK3w==}
    dependencies:
      micromark-util-symbol: 2.0.0
    dev: true

  /micromark-util-resolve-all@2.0.0:
    resolution: {integrity: sha512-6KU6qO7DZ7GJkaCgwBNtplXCvGkJToU86ybBAUdavvgsCiG8lSSvYxr9MhwmQ+udpzywHsl4RpGJsYWG1pDOcA==}
    dependencies:
      micromark-util-types: 2.0.0
    dev: true

  /micromark-util-sanitize-uri@2.0.0:
    resolution: {integrity: sha512-WhYv5UEcZrbAtlsnPuChHUAsu/iBPOVaEVsntLBIdpibO0ddy8OzavZz3iL2xVvBZOpolujSliP65Kq0/7KIYw==}
    dependencies:
      micromark-util-character: 2.1.0
      micromark-util-encode: 2.0.0
      micromark-util-symbol: 2.0.0
    dev: true

  /micromark-util-subtokenize@2.0.1:
    resolution: {integrity: sha512-jZNtiFl/1aY73yS3UGQkutD0UbhTt68qnRpw2Pifmz5wV9h8gOVsN70v+Lq/f1rKaU/W8pxRe8y8Q9FX1AOe1Q==}
    dependencies:
      devlop: 1.1.0
      micromark-util-chunked: 2.0.0
      micromark-util-symbol: 2.0.0
      micromark-util-types: 2.0.0
    dev: true

  /micromark-util-symbol@2.0.0:
    resolution: {integrity: sha512-8JZt9ElZ5kyTnO94muPxIGS8oyElRJaiJO8EzV6ZSyGQ1Is8xwl4Q45qU5UOg+bGH4AikWziz0iN4sFLWs8PGw==}
    dev: true

  /micromark-util-types@2.0.0:
    resolution: {integrity: sha512-oNh6S2WMHWRZrmutsRmDDfkzKtxF+bc2VxLC9dvtrDIRFln627VsFP6fLMgTryGDljgLPjkrzQSDcPrjPyDJ5w==}
    dev: true

  /micromark@4.0.0:
    resolution: {integrity: sha512-o/sd0nMof8kYff+TqcDx3VSrgBTcZpSvYcAHIfHhv5VAuNmisCxjhx6YmxS8PFEpb9z5WKWKPdzf0jM23ro3RQ==}
    dependencies:
      '@types/debug': 4.1.12
      debug: 4.3.6
      decode-named-character-reference: 1.0.2
      devlop: 1.1.0
      micromark-core-commonmark: 2.0.1
      micromark-factory-space: 2.0.0
      micromark-util-character: 2.1.0
      micromark-util-chunked: 2.0.0
      micromark-util-combine-extensions: 2.0.0
      micromark-util-decode-numeric-character-reference: 2.0.1
      micromark-util-encode: 2.0.0
      micromark-util-normalize-identifier: 2.0.0
      micromark-util-resolve-all: 2.0.0
      micromark-util-sanitize-uri: 2.0.0
      micromark-util-subtokenize: 2.0.1
      micromark-util-symbol: 2.0.0
      micromark-util-types: 2.0.0
    transitivePeerDependencies:
      - supports-color
    dev: true

  /ms@2.1.2:
    resolution: {integrity: sha512-sGkPx+VjMtmA6MX27oA4FBFELFCZZ4S4XqeGOXCv68tT+jb3vk/RyaKWP0PTKyWtmLSM0b+adUTEvbs1PEaH2w==}
    dev: true

  /nano-staged@0.8.0:
    resolution: {integrity: sha512-QSEqPGTCJbkHU2yLvfY6huqYPjdBrOaTMKatO1F8nCSrkQGXeKwtCiCnsdxnuMhbg3DTVywKaeWLGCE5oJpq0g==}
    engines: {node: ^12.20.0 || ^14.13.1 || >=16.0.0}
    hasBin: true
    dependencies:
      picocolors: 1.0.1
    dev: true

  /parse5@7.1.2:
    resolution: {integrity: sha512-Czj1WaSVpaoj0wbhMzLmWD69anp2WH7FXMB9n1Sy8/ZFF9jolSQVMu1Ij5WIyGmcBmhk7EOndpO4mIpihVqAXw==}
    dependencies:
      entities: 4.5.0
    dev: true

  /picocolors@1.0.1:
    resolution: {integrity: sha512-anP1Z8qwhkbmu7MFP5iTt+wQKXgwzf7zTyGlcdzabySa9vd0Xt392U0rVmz9poOaBj0uHJKyyo9/upk0HrEQew==}
    dev: true

  /property-information@6.5.0:
    resolution: {integrity: sha512-PgTgs/BlvHxOu8QuEN7wi5A0OmXaBcHpmCSTehcs6Uuu9IkDIEo13Hy7n898RHfrQ49vKCoGeWZSaAK01nwVig==}
    dev: true

  /rehype-stringify@10.0.0:
    resolution: {integrity: sha512-1TX1i048LooI9QoecrXy7nGFFbFSufxVRAfc6Y9YMRAi56l+oB0zP51mLSV312uRuvVLPV1opSlJmslozR1XHQ==}
    dependencies:
      '@types/hast': 3.0.4
      hast-util-to-html: 9.0.1
      unified: 11.0.5
    dev: true

  /remark-parse@11.0.0:
    resolution: {integrity: sha512-FCxlKLNGknS5ba/1lmpYijMUzX2esxW5xQqjWxw2eHFfS2MSdaHVINFmhjo+qN1WhZhNimq0dZATN9pH0IDrpA==}
    dependencies:
      '@types/mdast': 4.0.4
      mdast-util-from-markdown: 2.0.1
      micromark-util-types: 2.0.0
      unified: 11.0.5
    transitivePeerDependencies:
      - supports-color
    dev: true

  /remark-rehype@11.1.0:
    resolution: {integrity: sha512-z3tJrAs2kIs1AqIIy6pzHmAHlF1hWQ+OdY4/hv+Wxe35EhyLKcajL33iUEn3ScxtFox9nUvRufR/Zre8Q08H/g==}
    dependencies:
      '@types/hast': 3.0.4
      '@types/mdast': 4.0.4
      mdast-util-to-hast: 13.2.0
      unified: 11.0.5
      vfile: 6.0.2
    dev: true

  /resolve-pkg-maps@1.0.0:
    resolution: {integrity: sha512-seS2Tj26TBVOC2NIc2rOe2y2ZO7efxITtLZcGSOnHHNOQ7CkiUBfw0Iw2ck6xkIhPwLhKNLS8BO+hEpngQlqzw==}
    dev: true

  /space-separated-tokens@2.0.2:
    resolution: {integrity: sha512-PEGlAwrG8yXGXRjW32fGbg66JAlOAwbObuqVoJpv/mRgoWDQfgH1wDPvtzWyUSNAXBGSk8h755YDbbcEy3SH2Q==}
    dev: true

  /stringify-entities@4.0.4:
    resolution: {integrity: sha512-IwfBptatlO+QCJUo19AqvrPNqlVMpW9YEL2LIVY+Rpv2qsjCGxaDLNRgeGsQWJhfItebuJhsGSLjaBbNSQ+ieg==}
    dependencies:
      character-entities-html4: 2.1.0
      character-entities-legacy: 3.0.0
    dev: true

  /trim-lines@3.0.1:
    resolution: {integrity: sha512-kRj8B+YHZCc9kQYdWfJB2/oUl9rA99qbowYYBtr4ui4mZyAQ2JpvVBd/6U2YloATfqBhBTSMhTpgBHtU0Mf3Rg==}
    dev: true

  /trough@2.2.0:
    resolution: {integrity: sha512-tmMpK00BjZiUyVyvrBK7knerNgmgvcV/KLVyuma/SC+TQN167GrMRciANTz09+k3zW8L8t60jWO1GpfkZdjTaw==}
    dev: true

  /tsx@4.17.0:
    resolution: {integrity: sha512-eN4mnDA5UMKDt4YZixo9tBioibaMBpoxBkD+rIPAjVmYERSG0/dWEY1CEFuV89CgASlKL499q8AhmkMnnjtOJg==}
    engines: {node: '>=18.0.0'}
    hasBin: true
    dependencies:
      esbuild: 0.23.0
      get-tsconfig: 4.7.6
    optionalDependencies:
      fsevents: 2.3.3
    dev: true

  /typescript@5.5.4:
    resolution: {integrity: sha512-Mtq29sKDAEYP7aljRgtPOpTvOfbwRWlS6dPRzwjdE+C0R4brX/GUyhHSecbHMFLNBLcJIPt9nl9yG5TZ1weH+Q==}
    engines: {node: '>=14.17'}
    hasBin: true
    dev: true

  /undici-types@6.19.6:
    resolution: {integrity: sha512-e/vggGopEfTKSvj4ihnOLTsqhrKRN3LeO6qSN/GxohhuRv8qH9bNQ4B8W7e/vFL+0XTnmHPB4/kegunZGA4Org==}
    dev: true

  /unified@11.0.5:
    resolution: {integrity: sha512-xKvGhPWw3k84Qjh8bI3ZeJjqnyadK+GEFtazSfZv/rKeTkTjOJho6mFqh2SM96iIcZokxiOpg78GazTSg8+KHA==}
    dependencies:
      '@types/unist': 3.0.2
      bail: 2.0.2
      devlop: 1.1.0
      extend: 3.0.2
      is-plain-obj: 4.1.0
      trough: 2.2.0
      vfile: 6.0.2
    dev: true

  /unist-util-is@6.0.0:
    resolution: {integrity: sha512-2qCTHimwdxLfz+YzdGfkqNlH0tLi9xjTnHddPmJwtIG9MGsdbutfTc4P+haPD7l7Cjxf/WZj+we5qfVPvvxfYw==}
    dependencies:
      '@types/unist': 3.0.2

  /unist-util-position@5.0.0:
    resolution: {integrity: sha512-fucsC7HjXvkB5R3kTCO7kUjRdrS0BJt3M/FPxmHMBOm8JQi2BsHAHFsy27E0EolP8rp0NzXsJ+jNPyDWvOJZPA==}
    dependencies:
      '@types/unist': 3.0.2
    dev: true

  /unist-util-stringify-position@4.0.0:
    resolution: {integrity: sha512-0ASV06AAoKCDkS2+xw5RXJywruurpbC4JZSm7nr7MOt1ojAzvyyaO+UxZf18j8FCF6kmzCZKcAgN/yu2gm2XgQ==}
    dependencies:
      '@types/unist': 3.0.2
    dev: true

  /unist-util-visit-parents@6.0.1:
    resolution: {integrity: sha512-L/PqWzfTP9lzzEa6CKs0k2nARxTdZduw3zyh8d2NVBnsyvHjSX4TWse388YrrQKbvI8w20fGjGlhgT96WwKykw==}
    dependencies:
      '@types/unist': 3.0.2
      unist-util-is: 6.0.0

  /unist-util-visit@5.0.0:
    resolution: {integrity: sha512-MR04uvD+07cwl/yhVuVWAtw+3GOR/knlL55Nd/wAdblk27GCVt3lqpTivy/tkJcZoNPzTwS1Y+KMojlLDhoTzg==}
    dependencies:
      '@types/unist': 3.0.2
      unist-util-is: 6.0.0
      unist-util-visit-parents: 6.0.1

  /vfile-location@5.0.3:
    resolution: {integrity: sha512-5yXvWDEgqeiYiBe1lbxYF7UMAIm/IcopxMHrMQDq3nvKcjPKIhZklUKL+AE7J7uApI4kwe2snsK+eI6UTj9EHg==}
    dependencies:
      '@types/unist': 3.0.2
      vfile: 6.0.2
    dev: true

  /vfile-message@4.0.2:
    resolution: {integrity: sha512-jRDZ1IMLttGj41KcZvlrYAaI3CfqpLpfpf+Mfig13viT6NKvRzWZ+lXz0Y5D60w6uJIBAOGq9mSHf0gktF0duw==}
    dependencies:
      '@types/unist': 3.0.2
      unist-util-stringify-position: 4.0.0
    dev: true

  /vfile@6.0.2:
    resolution: {integrity: sha512-zND7NlS8rJYb/sPqkb13ZvbbUoExdbi4w3SfRrMq6R3FvnLQmmfpajJNITuuYm6AZ5uao9vy4BAos3EXBPf2rg==}
    dependencies:
      '@types/unist': 3.0.2
      unist-util-stringify-position: 4.0.0
      vfile-message: 4.0.2
    dev: true

  /web-namespaces@2.0.1:
    resolution: {integrity: sha512-bKr1DkiNa2krS7qxNtdrtHAmzuYGFQLiQ13TsorsdT6ULTkPLKuu5+GsFpDlg6JFjUTwX2DyhMPG2be8uPrqsQ==}
    dev: true

  /zwitch@2.0.4:
    resolution: {integrity: sha512-bXE4cR/kVZhKZX/RjPEflHaKVhUVl85noU3v6b8apfQEc1x4A+zBxjZ4lN8LqGd6WZ3dl98pY4o717VFmoPp+A==}
    dev: true
